
Microsoft Visual Studio Solution File, Format Version 12.00
# Visual Studio Version 17
VisualStudioVersion = 17.0.31919.166
MinimumVisualStudioVersion = 10.0.40219.1
Project("{2150E333-8FDC-42A3-9474-1A3956D46DE8}") = "1. Infrastructure", "1. Infrastructure", "{4C16097B-CCCC-44AE-A45E-54E9CCFE80F6}"
EndProject
Project("{2150E333-8FDC-42A3-9474-1A3956D46DE8}") = "2. Domain", "2. Domain", "{326E4552-3D1D-48B2-9F8C-EC1B3761B8E9}"
EndProject
Project("{2150E333-8FDC-42A3-9474-1A3956D46DE8}") = "3. Hosts", "3. Hosts", "{793EB39F-0462-43E5-87FA-504AE3B65508}"
EndProject
Project("{9A19103F-16F7-4668-BE54-9A1E7A4F7556}") = "NetCoreLib", "NetCoreLib\NetCoreLib.csproj", "{501FCDA8-3EFA-47E6-A01B-78408BD4FC36}"
EndProject
Project("{9A19103F-16F7-4668-BE54-9A1E7A4F7556}") = "Snail.Utilities", "Snail.Utilities\Snail.Utilities.csproj", "{97F2616D-8BAE-4030-AE9F-688C6D1F6C5C}"
EndProject
Project("{9A19103F-16F7-4668-BE54-9A1E7A4F7556}") = "Snail.ViewModels", "Snail.ViewModels\Snail.ViewModels.csproj", "{28BCF00B-2EE9-46C4-B637-73C7664DF408}"
EndProject
Project("{9A19103F-16F7-4668-BE54-9A1E7A4F7556}") = "Snail.Application", "Snail.Application\Snail.Application.csproj", "{6F95F636-8CA6-48B5-A3D9-72490F4873B8}"
EndProject
Project("{9A19103F-16F7-4668-BE54-9A1E7A4F7556}") = "Snail.Data", "Snail.Data\Snail.Data.csproj", "{5F9AC704-1E7C-4FC8-A467-9DB80608BF99}"
EndProject
Project("{9A19103F-16F7-4668-BE54-9A1E7A4F7556}") = "Snail.AdminApp", "Snail.AdminApp\Snail.AdminApp.csproj", "{2F5FDDA1-25C0-4AB8-B768-9BFFA6566ED4}"
EndProject
Project("{9A19103F-16F7-4668-BE54-9A1E7A4F7556}") = "Snail.BackendApi", "Snail.BackendApi\Snail.BackendApi.csproj", "{9DF2A37F-D921-40CA-8A7A-D063678AC660}"
EndProject
Project("{9A19103F-16F7-4668-BE54-9A1E7A4F7556}") = "Snail.ApiIntegration", "Snail.ApiIntegration\Snail.ApiIntegration.csproj", "{F5AD67DC-4A00-41E9-A7F4-5BC4FA353DFC}"
EndProject
Global
	GlobalSection(SolutionConfigurationPlatforms) = preSolution
		Debug|Any CPU = Debug|Any CPU
		Release|Any CPU = Release|Any CPU
	EndGlobalSection
	GlobalSection(ProjectConfigurationPlatforms) = postSolution
		{501FCDA8-3EFA-47E6-A01B-78408BD4FC36}.Debug|Any CPU.ActiveCfg = Debug|Any CPU
		{501FCDA8-3EFA-47E6-A01B-78408BD4FC36}.Debug|Any CPU.Build.0 = Debug|Any CPU
		{501FCDA8-3EFA-47E6-A01B-78408BD4FC36}.Release|Any CPU.ActiveCfg = Release|Any CPU
		{501FCDA8-3EFA-47E6-A01B-78408BD4FC36}.Release|Any CPU.Build.0 = Release|Any CPU
		{97F2616D-8BAE-4030-AE9F-688C6D1F6C5C}.Debug|Any CPU.ActiveCfg = Debug|Any CPU
		{97F2616D-8BAE-4030-AE9F-688C6D1F6C5C}.Debug|Any CPU.Build.0 = Debug|Any CPU
		{97F2616D-8BAE-4030-AE9F-688C6D1F6C5C}.Release|Any CPU.ActiveCfg = Release|Any CPU
		{97F2616D-8BAE-4030-AE9F-688C6D1F6C5C}.Release|Any CPU.Build.0 = Release|Any CPU
		{28BCF00B-2EE9-46C4-B637-73C7664DF408}.Debug|Any CPU.ActiveCfg = Debug|Any CPU
		{28BCF00B-2EE9-46C4-B637-73C7664DF408}.Debug|Any CPU.Build.0 = Debug|Any CPU
		{28BCF00B-2EE9-46C4-B637-73C7664DF408}.Release|Any CPU.ActiveCfg = Release|Any CPU
		{28BCF00B-2EE9-46C4-B637-73C7664DF408}.Release|Any CPU.Build.0 = Release|Any CPU
		{6F95F636-8CA6-48B5-A3D9-72490F4873B8}.Debug|Any CPU.ActiveCfg = Debug|Any CPU
		{6F95F636-8CA6-48B5-A3D9-72490F4873B8}.Debug|Any CPU.Build.0 = Debug|Any CPU
		{6F95F636-8CA6-48B5-A3D9-72490F4873B8}.Release|Any CPU.ActiveCfg = Release|Any CPU
		{6F95F636-8CA6-48B5-A3D9-72490F4873B8}.Release|Any CPU.Build.0 = Release|Any CPU
		{5F9AC704-1E7C-4FC8-A467-9DB80608BF99}.Debug|Any CPU.ActiveCfg = Debug|Any CPU
		{5F9AC704-1E7C-4FC8-A467-9DB80608BF99}.Debug|Any CPU.Build.0 = Debug|Any CPU
		{5F9AC704-1E7C-4FC8-A467-9DB80608BF99}.Release|Any CPU.ActiveCfg = Release|Any CPU
		{5F9AC704-1E7C-4FC8-A467-9DB80608BF99}.Release|Any CPU.Build.0 = Release|Any CPU
		{2F5FDDA1-25C0-4AB8-B768-9BFFA6566ED4}.Debug|Any CPU.ActiveCfg = Debug|Any CPU
		{2F5FDDA1-25C0-4AB8-B768-9BFFA6566ED4}.Debug|Any CPU.Build.0 = Debug|Any CPU
		{2F5FDDA1-25C0-4AB8-B768-9BFFA6566ED4}.Release|Any CPU.ActiveCfg = Release|Any CPU
		{2F5FDDA1-25C0-4AB8-B768-9BFFA6566ED4}.Release|Any CPU.Build.0 = Release|Any CPU
		{9DF2A37F-D921-40CA-8A7A-D063678AC660}.Debug|Any CPU.ActiveCfg = Debug|Any CPU
		{9DF2A37F-D921-40CA-8A7A-D063678AC660}.Debug|Any CPU.Build.0 = Debug|Any CPU
		{9DF2A37F-D921-40CA-8A7A-D063678AC660}.Release|Any CPU.ActiveCfg = Release|Any CPU
		{9DF2A37F-D921-40CA-8A7A-D063678AC660}.Release|Any CPU.Build.0 = Release|Any CPU
		{F5AD67DC-4A00-41E9-A7F4-5BC4FA353DFC}.Debug|Any CPU.ActiveCfg = Debug|Any CPU
		{F5AD67DC-4A00-41E9-A7F4-5BC4FA353DFC}.Debug|Any CPU.Build.0 = Debug|Any CPU
		{F5AD67DC-4A00-41E9-A7F4-5BC4FA353DFC}.Release|Any CPU.ActiveCfg = Release|Any CPU
		{F5AD67DC-4A00-41E9-A7F4-5BC4FA353DFC}.Release|Any CPU.Build.0 = Release|Any CPU
	EndGlobalSection
	GlobalSection(SolutionProperties) = preSolution
		HideSolutionNode = FALSE
	EndGlobalSection
	GlobalSection(NestedProjects) = preSolution
		{501FCDA8-3EFA-47E6-A01B-78408BD4FC36} = {4C16097B-CCCC-44AE-A45E-54E9CCFE80F6}
		{97F2616D-8BAE-4030-AE9F-688C6D1F6C5C} = {4C16097B-CCCC-44AE-A45E-54E9CCFE80F6}
		{28BCF00B-2EE9-46C4-B637-73C7664DF408} = {4C16097B-CCCC-44AE-A45E-54E9CCFE80F6}
		{6F95F636-8CA6-48B5-A3D9-72490F4873B8} = {326E4552-3D1D-48B2-9F8C-EC1B3761B8E9}
		{5F9AC704-1E7C-4FC8-A467-9DB80608BF99} = {326E4552-3D1D-48B2-9F8C-EC1B3761B8E9}
		{2F5FDDA1-25C0-4AB8-B768-9BFFA6566ED4} = {793EB39F-0462-43E5-87FA-504AE3B65508}
		{9DF2A37F-D921-40CA-8A7A-D063678AC660} = {793EB39F-0462-43E5-87FA-504AE3B65508}
		{F5AD67DC-4A00-41E9-A7F4-5BC4FA353DFC} = {793EB39F-0462-43E5-87FA-504AE3B65508}
	EndGlobalSection
	GlobalSection(ExtensibilityGlobals) = postSolution
		SolutionGuid = {A82EF27A-55B0-4E9D-A5CB-41E4D14957AD}
	EndGlobalSection
EndGlobal
